// !$*UTF8*$!
{
	archiveVersion = 1;
	classes = {
	};
	objectVersion = 46;
	objects = {

/* Begin PBXBuildFile section */
		0A2E32781C3229D300E064B1 /* main.m in Sources */ = {isa = PBXBuildFile; fileRef = 0A2E32771C3229D300E064B1 /* main.m */; };
		0A2E327C1C3229E000E064B1 /* ZXMBlockExecutor.m in Sources */ = {isa = PBXBuildFile; fileRef = 0A2E326F1C3229AC00E064B1 /* ZXMBlockExecutor.m */; };
		0A2E32851C3236CC00E064B1 /* NSObject+ZXM_RunAtDealloc.m in Sources */ = {isa = PBXBuildFile; fileRef = 0A2E32841C3236CC00E064B1 /* NSObject+ZXM_RunAtDealloc.m */; };
		0A2E32881C323EFC00E064B1 /* ClassZ.m in Sources */ = {isa = PBXBuildFile; fileRef = 0A2E32861C323EFC00E064B1 /* ClassZ.m */; };
		0A307F5C1C30F57E0051E6AE /* main.m in Sources */ = {isa = PBXBuildFile; fileRef = 0A307F5B1C30F57D0051E6AE /* main.m */; };
		0A307F641C30F5A20051E6AE /* ClassA.m in Sources */ = {isa = PBXBuildFile; fileRef = 0A307F631C30F5A20051E6AE /* ClassA.m */; };
/* End PBXBuildFile section */

/* Begin PBXCopyFilesBuildPhase section */
		0A2E32731C3229D300E064B1 /* CopyFiles */ = {
			isa = PBXCopyFilesBuildPhase;
			buildActionMask = 2147483647;
			dstPath = /usr/share/man/man1/;
			dstSubfolderSpec = 0;
			files = (
			);
			runOnlyForDeploymentPostprocessing = 1;
		};
		0A307F561C30F57D0051E6AE /* CopyFiles */ = {
			isa = PBXCopyFilesBuildPhase;
			buildActionMask = 2147483647;
			dstPath = /usr/share/man/man1/;
			dstSubfolderSpec = 0;
			files = (
			);
			runOnlyForDeploymentPostprocessing = 1;
		};
/* End PBXCopyFilesBuildPhase section */

/* Begin PBXFileReference section */
		0A2E326E1C3229AC00E064B1 /* ZXMBlockExecutor.h */ = {isa = PBXFileReference; fileEncoding = 4; lastKnownFileType = sourcecode.c.h; name = ZXMBlockExecutor.h; path = ../CopyDemo/ZXMBlockExecutor.h; sourceTree = "<group>"; };
		0A2E326F1C3229AC00E064B1 /* ZXMBlockExecutor.m */ = {isa = PBXFileReference; fileEncoding = 4; lastKnownFileType = sourcecode.c.objc; name = ZXMBlockExecutor.m; path = ../CopyDemo/ZXMBlockExecutor.m; sourceTree = "<group>"; };
		0A2E32751C3229D300E064B1 /* weakStore */ = {isa = PBXFileReference; explicitFileType = "compiled.mach-o.executable"; includeInIndex = 0; path = weakStore; sourceTree = BUILT_PRODUCTS_DIR; };
		0A2E32771C3229D300E064B1 /* main.m */ = {isa = PBXFileReference; lastKnownFileType = sourcecode.c.objc; path = main.m; sourceTree = "<group>"; };
		0A2E32831C3236CC00E064B1 /* NSObject+ZXM_RunAtDealloc.h */ = {isa = PBXFileReference; fileEncoding = 4; lastKnownFileType = sourcecode.c.h; path = "NSObject+ZXM_RunAtDealloc.h"; sourceTree = "<group>"; };
		0A2E32841C3236CC00E064B1 /* NSObject+ZXM_RunAtDealloc.m */ = {isa = PBXFileReference; fileEncoding = 4; lastKnownFileType = sourcecode.c.objc; path = "NSObject+ZXM_RunAtDealloc.m"; sourceTree = "<group>"; };
		0A2E32861C323EFC00E064B1 /* ClassZ.m */ = {isa = PBXFileReference; fileEncoding = 4; lastKnownFileType = sourcecode.c.objc; path = ClassZ.m; sourceTree = "<group>"; };
		0A2E32871C323EFC00E064B1 /* ClassZ.h */ = {isa = PBXFileReference; fileEncoding = 4; lastKnownFileType = sourcecode.c.h; path = ClassZ.h; sourceTree = "<group>"; };
		0A307F581C30F57D0051E6AE /* CopyDemo */ = {isa = PBXFileReference; explicitFileType = "compiled.mach-o.executable"; includeInIndex = 0; path = CopyDemo; sourceTree = BUILT_PRODUCTS_DIR; };
		0A307F5B1C30F57D0051E6AE /* main.m */ = {isa = PBXFileReference; lastKnownFileType = sourcecode.c.objc; path = main.m; sourceTree = "<group>"; };
		0A307F621C30F5A20051E6AE /* ClassA.h */ = {isa = PBXFileReference; fileEncoding = 4; lastKnownFileType = sourcecode.c.h; path = ClassA.h; sourceTree = "<group>"; };
		0A307F631C30F5A20051E6AE /* ClassA.m */ = {isa = PBXFileReference; fileEncoding = 4; lastKnownFileType = sourcecode.c.objc; path = ClassA.m; sourceTree = "<group>"; };
/* End PBXFileReference section */

/* Begin PBXFrameworksBuildPhase section */
		0A2E32721C3229D300E064B1 /* Frameworks */ = {
			isa = PBXFrameworksBuildPhase;
			buildActionMask = 2147483647;
			files = (
			);
			runOnlyForDeploymentPostprocessing = 0;
		};
		0A307F551C30F57D0051E6AE /* Frameworks */ = {
			isa = PBXFrameworksBuildPhase;
			buildActionMask = 2147483647;
			files = (
			);
			runOnlyForDeploymentPostprocessing = 0;
		};
/* End PBXFrameworksBuildPhase section */

/* Begin PBXGroup section */
		0A2E32761C3229D300E064B1 /* weakStore */ = {
			isa = PBXGroup;
			children = (
				0A2E326E1C3229AC00E064B1 /* ZXMBlockExecutor.h */,
				0A2E326F1C3229AC00E064B1 /* ZXMBlockExecutor.m */,
				0A2E32771C3229D300E064B1 /* main.m */,
				0A2E32861C323EFC00E064B1 /* ClassZ.m */,
				0A2E32871C323EFC00E064B1 /* ClassZ.h */,
				0A2E32831C3236CC00E064B1 /* NSObject+ZXM_RunAtDealloc.h */,
				0A2E32841C3236CC00E064B1 /* NSObject+ZXM_RunAtDealloc.m */,
			);
			path = weakStore;
			sourceTree = "<group>";
		};
		0A307F4F1C30F57D0051E6AE = {
			isa = PBXGroup;
			children = (
				0A307F5A1C30F57D0051E6AE /* CopyDemo */,
				0A2E32761C3229D300E064B1 /* weakStore */,
				0A307F591C30F57D0051E6AE /* Products */,
			);
			sourceTree = "<group>";
		};
		0A307F591C30F57D0051E6AE /* Products */ = {
			isa = PBXGroup;
			children = (
				0A307F581C30F57D0051E6AE /* CopyDemo */,
				0A2E32751C3229D300E064B1 /* weakStore */,
			);
			name = Products;
			sourceTree = "<group>";
		};
		0A307F5A1C30F57D0051E6AE /* CopyDemo */ = {
			isa = PBXGroup;
			children = (
				0A307F5B1C30F57D0051E6AE /* main.m */,
				0A307F621C30F5A20051E6AE /* ClassA.h */,
				0A307F631C30F5A20051E6AE /* ClassA.m */,
			);
			path = CopyDemo;
			sourceTree = "<group>";
		};
/* End PBXGroup section */

/* Begin PBXNativeTarget section */
		0A2E32741C3229D300E064B1 /* weakStore */ = {
			isa = PBXNativeTarget;
			buildConfigurationList = 0A2E32791C3229D300E064B1 /* Build configuration list for PBXNativeTarget "weakStore" */;
			buildPhases = (
				0A2E32711C3229D300E064B1 /* Sources */,
				0A2E32721C3229D300E064B1 /* Frameworks */,
				0A2E32731C3229D300E064B1 /* CopyFiles */,
			);
			buildRules = (
			);
			dependencies = (
			);
			name = weakStore;
			productName = weakStore;
			productReference = 0A2E32751C3229D300E064B1 /* weakStore */;
			productType = "com.apple.product-type.tool";
		};
		0A307F571C30F57D0051E6AE /* CopyDemo */ = {
			isa = PBXNativeTarget;
			buildConfigurationList = 0A307F5F1C30F57E0051E6AE /* Build configuration list for PBXNativeTarget "CopyDemo" */;
			buildPhases = (
				0A307F541C30F57D0051E6AE /* Sources */,
				0A307F551C30F57D0051E6AE /* Frameworks */,
				0A307F561C30F57D0051E6AE /* CopyFiles */,
			);
			buildRules = (
			);
			dependencies = (
			);
			name = CopyDemo;
			productName = CopyDemo;
			productReference = 0A307F581C30F57D0051E6AE /* CopyDemo */;
			productType = "com.apple.product-type.tool";
		};
/* End PBXNativeTarget section */

/* Begin PBXProject section */
		0A307F501C30F57D0051E6AE /* Project object */ = {
			isa = PBXProject;
			attributes = {
				LastUpgradeCheck = 0720;
				ORGANIZATIONNAME = zhongxm;
				TargetAttributes = {
					0A2E32741C3229D300E064B1 = {
						CreatedOnToolsVersion = 7.2;
					};
					0A307F571C30F57D0051E6AE = {
						CreatedOnToolsVersion = 7.2;
					};
				};
			};
			buildConfigurationList = 0A307F531C30F57D0051E6AE /* Build configuration list for PBXProject "CopyDemo" */;
			compatibilityVersion = "Xcode 3.2";
			developmentRegion = English;
			hasScannedForEncodings = 0;
			knownRegions = (
				en,
			);
			mainGroup = 0A307F4F1C30F57D0051E6AE;
			productRefGroup = 0A307F591C30F57D0051E6AE /* Products */;
			projectDirPath = "";
			projectRoot = "";
			targets = (
				0A307F571C30F57D0051E6AE /* CopyDemo */,
				0A2E32741C3229D300E064B1 /* weakStore */,
			);
		};
/* End PBXProject section */

/* Begin PBXSourcesBuildPhase section */
		0A2E32711C3229D300E064B1 /* Sources */ = {
			isa = PBXSourcesBuildPhase;
			buildActionMask = 2147483647;
			files = (
				0A2E32781C3229D300E064B1 /* main.m in Sources */,
				0A2E327C1C3229E000E064B1 /* ZXMBlockExecutor.m in Sources */,
				0A2E32851C3236CC00E064B1 /* NSObject+ZXM_RunAtDealloc.m in Sources */,
				0A2E32881C323EFC00E064B1 /* ClassZ.m in Sources */,
			);
			runOnlyForDeploymentPostprocessing = 0;
		};
		0A307F541C30F57D0051E6AE /* Sources */ = {
			isa = PBXSourcesBuildPhase;
			buildActionMask = 2147483647;
			files = (
				0A307F641C30F5A20051E6AE /* ClassA.m in Sources */,
				0A307F5C1C30F57E0051E6AE /* main.m in Sources */,
			);
			runOnlyForDeploymentPostprocessing = 0;
		};
/* End PBXSourcesBuildPhase section */

/* Begin XCBuildConfiguration section */
		0A2E327A1C3229D300E064B1 /* Debug */ = {
			isa = XCBuildConfiguration;
			buildSettings = {
				PRODUCT_NAME = "$(TARGET_NAME)";
			};
			name = Debug;
		};
		0A2E327B1C3229D300E064B1 /* Release */ = {
			isa = XCBuildConfiguration;
			buildSettings = {
				PRODUCT_NAME = "$(TARGET_NAME)";
			};
			name = Release;
		};
		0A307F5D1C30F57E0051E6AE /* Debug */ = {
			isa = XCBuildConfiguration;
			buildSettings = {
				ALWAYS_SEARCH_USER_PATHS = NO;
				CLANG_CXX_LANGUAGE_STANDARD = "gnu++0x";
				CLANG_CXX_LIBRARY = "libc++";
				CLANG_ENABLE_MODULES = YES;
				CLANG_ENABLE_OBJC_ARC = YES;
				CLANG_WARN_BOOL_CONVERSION = YES;
				CLANG_WARN_CONSTANT_CONVERSION = YES;
				CLANG_WARN_DIRECT_OBJC_ISA_USAGE = YES_ERROR;
				CLANG_WARN_EMPTY_BODY = YES;
				CLANG_WARN_ENUM_CONVERSION = YES;
				CLANG_WARN_INT_CONVERSION = YES;
				CLANG_WARN_OBJC_ROOT_CLASS = YES_ERROR;
				CLANG_WARN_UNREACHABLE_CODE = YES;
				CLANG_WARN__DUPLICATE_METHOD_MATCH = YES;
				CODE_SIGN_IDENTITY = "-";
				COPY_PHASE_STRIP = NO;
				DEBUG_INFORMATION_FORMAT = dwarf;
				ENABLE_STRICT_OBJC_MSGSEND = YES;
				ENABLE_TESTABILITY = YES;
				GCC_C_LANGUAGE_STANDARD = gnu99;
				GCC_DYNAMIC_NO_PIC = NO;
				GCC_NO_COMMON_BLOCKS = YES;
				GCC_OPTIMIZATION_LEVEL = 0;
				GCC_PREPROCESSOR_DEFINITIONS = (
					"DEBUG=1",
					"$(inherited)",
				);
				GCC_WARN_64_TO_32_BIT_CONVERSION = YES;
				GCC_WARN_ABOUT_RETURN_TYPE = YES_ERROR;
				GCC_WARN_UNDECLARED_SELECTOR = YES;
				GCC_WARN_UNINITIALIZED_AUTOS = YES_AGGRESSIVE;
				GCC_WARN_UNUSED_FUNCTION = YES;
				GCC_WARN_UNUSED_VARIABLE = YES;
				MACOSX_DEPLOYMENT_TARGET = 10.11;
				MTL_ENABLE_DEBUG_INFO = YES;
				ONLY_ACTIVE_ARCH = YES;
				SDKROOT = macosx;
			};
			name = Debug;
		};
		0A307F5E1C30F57E0051E6AE /* Release */ = {
			isa = XCBuildConfiguration;
			buildSettings = {
				ALWAYS_SEARCH_USER_PATHS = NO;
				CLANG_CXX_LANGUAGE_STANDARD = "gnu++0x";
				CLANG_CXX_LIBRARY = "libc++";
				CLANG_ENABLE_MODULES = YES;
				CLANG_ENABLE_OBJC_ARC = YES;
				CLANG_WARN_BOOL_CONVERSION = YES;
				CLANG_WARN_CONSTANT_CONVERSION = YES;
				CLANG_WARN_DIRECT_OBJC_ISA_USAGE = YES_ERROR;
				CLANG_WARN_EMPTY_BODY = YES;
				CLANG_WARN_ENUM_CONVERSION = YES;
				CLANG_WARN_INT_CONVERSION = YES;
				CLANG_WARN_OBJC_ROOT_CLASS = YES_ERROR;
				CLANG_WARN_UNREACHABLE_CODE = YES;
				CLANG_WARN__DUPLICATE_METHOD_MATCH = YES;
				CODE_SIGN_IDENTITY = "-";
				COPY_PHASE_STRIP = NO;
				DEBUG_INFORMATION_FORMAT = "dwarf-with-dsym";
				ENABLE_NS_ASSERTIONS = NO;
				ENABLE_STRICT_OBJC_MSGSEND = YES;
				GCC_C_LANGUAGE_STANDARD = gnu99;
				GCC_NO_COMMON_BLOCKS = YES;
				GCC_WARN_64_TO_32_BIT_CONVERSION = YES;
				GCC_WARN_ABOUT_RETURN_TYPE = YES_ERROR;
				GCC_WARN_UNDECLARED_SELECTOR = YES;
				GCC_WARN_UNINITIALIZED_AUTOS = YES_AGGRESSIVE;
				GCC_WARN_UNUSED_FUNCTION = YES;
				GCC_WARN_UNUSED_VARIABLE = YES;
				MACOSX_DEPLOYMENT_TARGET = 10.11;
				MTL_ENABLE_DEBUG_INFO = NO;
				SDKROOT = macosx;
			};
			name = Release;
		};
		0A307F601C30F57E0051E6AE /* Debug */ = {
			isa = XCBuildConfiguration;
			buildSettings = {
				PRODUCT_NAME = "$(TARGET_NAME)";
			};
			name = Debug;
		};
		0A307F611C30F57E0051E6AE /* Release */ = {
			isa = XCBuildConfiguration;
			buildSettings = {
				PRODUCT_NAME = "$(TARGET_NAME)";
			};
			name = Release;
		};
/* End XCBuildConfiguration section */

/* Begin XCConfigurationList section */
		0A2E32791C3229D300E064B1 /* Build configuration list for PBXNativeTarget "weakStore" */ = {
			isa = XCConfigurationList;
			buildConfigurations = (
				0A2E327A1C3229D300E064B1 /* Debug */,
				0A2E327B1C3229D300E064B1 /* Release */,
			);
			defaultConfigurationIsVisible = 0;
		};
		0A307F531C30F57D0051E6AE /* Build configuration list for PBXProject "CopyDemo" */ = {
			isa = XCConfigurationList;
			buildConfigurations = (
				0A307F5D1C30F57E0051E6AE /* Debug */,
				0A307F5E1C30F57E0051E6AE /* Release */,
			);
			defaultConfigurationIsVisible = 0;
			defaultConfigurationName = Release;
		};
		0A307F5F1C30F57E0051E6AE /* Build configuration list for PBXNativeTarget "CopyDemo" */ = {
			isa = XCConfigurationList;
			buildConfigurations = (
				0A307F601C30F57E0051E6AE /* Debug */,
				0A307F611C30F57E0051E6AE /* Release */,
			);
			defaultConfigurationIsVisible = 0;
			defaultConfigurationName = Release;
		};
/* End XCConfigurationList section */
	};
	rootObject = 0A307F501C30F57D0051E6AE /* Project object */;
}
